
Microsoft Visual Studio Solution File, Format Version 12.00
# Visual Studio Version 17
VisualStudioVersion = 17.3.32901.215
MinimumVisualStudioVersion = 10.0.40219.1
Project("{FAE04EC0-301F-11D3-BF4B-00C04F79EFBC}") = "RESTful API", "RESTful API\RESTful API.csproj", "{D476B2CD-CBC9-431C-A75E-452AE4A24E78}"
EndProject
Global
	GlobalSection(SolutionConfigurationPlatforms) = preSolution
		Debug|Any CPU = Debug|Any CPU
		Release|Any CPU = Release|Any CPU
	EndGlobalSection
	GlobalSection(ProjectConfigurationPlatforms) = postSolution
		{D476B2CD-CBC9-431C-A75E-452AE4A24E78}.Debug|Any CPU.ActiveCfg = Debug|Any CPU
		{D476B2CD-CBC9-431C-A75E-452AE4A24E78}.Debug|Any CPU.Build.0 = Debug|Any CPU
		{D476B2CD-CBC9-431C-A75E-452AE4A24E78}.Release|Any CPU.ActiveCfg = Release|Any CPU
		{D476B2CD-CBC9-431C-A75E-452AE4A24E78}.Release|Any CPU.Build.0 = Release|Any CPU
	EndGlobalSection
	GlobalSection(SolutionProperties) = preSolution
		HideSolutionNode = FALSE
	EndGlobalSection
	GlobalSection(ExtensibilityGlobals) = postSolution
		SolutionGuid = {5941F80A-5843-4C53-BE0F-1E658D16F80E}
	EndGlobalSection
EndGlobal
